
Microsoft Visual Studio Solution File, Format Version 12.00
# Visual Studio Version 17
VisualStudioVersion = 17.14.36310.24 d17.14
MinimumVisualStudioVersion = 10.0.40219.1
Project("{FAE04EC0-301F-11D3-BF4B-00C04F79EFBC}") = "CallExtrenalServiceInDotnet", "CallExtrenalServiceInDotnet\CallExtrenalServiceInDotnet.csproj", "{C10560E1-EB57-4106-8AE4-017E62187C7B}"
EndProject
Global
	GlobalSection(SolutionConfigurationPlatforms) = preSolution
		Debug|Any CPU = Debug|Any CPU
		Release|Any CPU = Release|Any CPU
	EndGlobalSection
	GlobalSection(ProjectConfigurationPlatforms) = postSolution
		{C10560E1-EB57-4106-8AE4-017E62187C7B}.Debug|Any CPU.ActiveCfg = Debug|Any CPU
		{C10560E1-EB57-4106-8AE4-017E62187C7B}.Debug|Any CPU.Build.0 = Debug|Any CPU
		{C10560E1-EB57-4106-8AE4-017E62187C7B}.Release|Any CPU.ActiveCfg = Release|Any CPU
		{C10560E1-EB57-4106-8AE4-017E62187C7B}.Release|Any CPU.Build.0 = Release|Any CPU
	EndGlobalSection
	GlobalSection(SolutionProperties) = preSolution
		HideSolutionNode = FALSE
	EndGlobalSection
	GlobalSection(ExtensibilityGlobals) = postSolution
		SolutionGuid = {9093124D-1F82-4FAD-B21A-73B2A624F5BA}
	EndGlobalSection
EndGlobal
